<?xml version="1.0" encoding="utf-8"?>
<!--
xmake version 2.9.4+HEAD.e85b001f1

  This file is auto generated by xmake.

  Please DO NOT EDIT since all your modification will lost after re-generation.
  See https://github.com/xmake-io/xmake/pull/472 for more infomation.
-->
<Project ToolsVersion="4.0" xmlns="http://schemas.microsoft.com/developer/msbuild/2003">
  <ItemGroup>
    <Filter Include="Properties">
      <UniqueIdentifier>{CC7C6180-942D-056E-3227-E6A2B3FB19CD}</UniqueIdentifier>
    </Filter>
  </ItemGroup>
  <ItemGroup>
    <None Include=".clang-format" />
    <None Include=".clang-tidy" />
    <None Include=".clangd" />
    <None Include=".gitattributes" />
    <None Include=".gitignore" />
    <None Include="ATRI.BuildHelper.exe" />
    <None Include="conf.json" />
    <None Include="manifest.json" />
    <None Include="tooth.json" />
    <None Include="xmake.lua" />
  </ItemGroup>
  <ItemGroup>
    <ClCompile Include="src\mod\MemoryOperators.cpp" />
    <ClCompile Include="src\mod\PluginMain.cpp" />
    <ClCompile Include="src\mod\.NETExport\GetExport.cpp" />
    <ClCompile Include="src\extern\logger.cpp" />
    <ClCompile Include="src\Util.h" />
    <ClCompile Include="src\Util.cpp" />
    <ClCompile Include="src\extern\commands.cpp" />
    <ClCompile Include="src\extern\Form.cpp" />
  </ItemGroup>
  <ItemGroup>
    <ClInclude Include="src\mod\MyMod.h" />
    <ClInclude Include="src\mod\.NETExport\coreclr_delegates.h" />
    <ClInclude Include="src\mod\.NETExport\hostfxr.h" />
    <ClInclude Include="src\mod\.NETExport\nethost.h" />
    <ClInclude Include="src\extern\extern.h" />
  </ItemGroup>
  <Import Condition="Exists('$(MSBuildThisFileDirectory)\Xmake.Custom.files.filters')" Project="$(MSBuildThisFileDirectory)\Xmake.Custom.files.filters" />
</Project>